
Microsoft Visual Studio Solution File, Format Version 12.00
# Visual Studio Version 17
VisualStudioVersion = 17.2.32616.157
MinimumVisualStudioVersion = 10.0.40219.1
Project("{FAE04EC0-301F-11D3-BF4B-00C04F79EFBC}") = "PCT.Adapter.AzureFunction", "PCT.Adapter.AzureFunction\PCT.Adapter.AzureFunction.csproj", "{FE112BBE-02DE-4603-8856-5716150D9145}"
EndProject
Global
	GlobalSection(SolutionConfigurationPlatforms) = preSolution
		Debug|Any CPU = Debug|Any CPU
		Release|Any CPU = Release|Any CPU
	EndGlobalSection
	GlobalSection(ProjectConfigurationPlatforms) = postSolution
		{FE112BBE-02DE-4603-8856-5716150D9145}.Debug|Any CPU.ActiveCfg = Debug|Any CPU
		{FE112BBE-02DE-4603-8856-5716150D9145}.Debug|Any CPU.Build.0 = Debug|Any CPU
		{FE112BBE-02DE-4603-8856-5716150D9145}.Release|Any CPU.ActiveCfg = Release|Any CPU
		{FE112BBE-02DE-4603-8856-5716150D9145}.Release|Any CPU.Build.0 = Release|Any CPU
	EndGlobalSection
	GlobalSection(SolutionProperties) = preSolution
		HideSolutionNode = FALSE
	EndGlobalSection
	GlobalSection(ExtensibilityGlobals) = postSolution
		SolutionGuid = {14D0D251-64CE-4750-ADC7-621F5D1717A0}
	EndGlobalSection
EndGlobal
